
Microsoft Visual Studio Solution File, Format Version 10.00
# Visual Studio 2008
Project("{FAE04EC0-301F-11D3-BF4B-00C04F79EFBC}") = "GameServer", "GameServer\GameServer.csproj", "{ACB92917-3D42-4F40-97F9-EA904A41DE36}"
	ProjectSection(ProjectDependencies) = postProject
		{9DBDD582-A8C8-4FE9-9BDC-E12CA28BFE71} = {9DBDD582-A8C8-4FE9-9BDC-E12CA28BFE71}
	EndProjectSection
EndProject
Project("{FAE04EC0-301F-11D3-BF4B-00C04F79EFBC}") = "DOLServer", "DOLServer\DOLServer.csproj", "{6DDF274A-91A3-4EAF-B0E3-30FD559ABD51}"
EndProject
Project("{FAE04EC0-301F-11D3-BF4B-00C04F79EFBC}") = "UnitTests", "UnitTests\UnitTests.csproj", "{564E8F20-3834-4F3D-B5F3-2981C1FC8300}"
EndProject
Project("{FAE04EC0-301F-11D3-BF4B-00C04F79EFBC}") = "GameServerScripts", "GameServerScripts\GameServerScripts.csproj", "{136FE76A-A70A-4E52-BCE5-03B587BCB31B}"
	ProjectSection(ProjectDependencies) = postProject
		{9DBDD582-A8C8-4FE9-9BDC-E12CA28BFE71} = {9DBDD582-A8C8-4FE9-9BDC-E12CA28BFE71}
	EndProjectSection
EndProject
Project("{FAE04EC0-301F-11D3-BF4B-00C04F79EFBC}") = "DOLConfig", "DOLConfig\DOLConfig.csproj", "{D526C207-AD6F-4811-906B-E8FC9858661D}"
	ProjectSection(ProjectDependencies) = postProject
		{ACB92917-3D42-4F40-97F9-EA904A41DE36} = {ACB92917-3D42-4F40-97F9-EA904A41DE36}
	EndProjectSection
EndProject
Project("{FAE04EC0-301F-11D3-BF4B-00C04F79EFBC}") = "DOLDatabase2", "DOLDatabase2\DOLDatabase2.csproj", "{9DBDD582-A8C8-4FE9-9BDC-E12CA28BFE71}"
EndProject
Project("{FAE04EC0-301F-11D3-BF4B-00C04F79EFBC}") = "DOLBase", "DOLBase\DOLBase.csproj", "{A4A0FB22-124C-45CA-A653-2887DE0CC3E0}"
EndProject
Project("{2150E333-8FDC-42A3-9474-1A3956D46DE8}") = "Providers", "Providers", "{29DB415E-1312-42ED-874F-5E7262F1DEBA}"
EndProject
Project("{FAE04EC0-301F-11D3-BF4B-00C04F79EFBC}") = "MSSQLCompactDatabaseProvider", "MSSQLCompactDatabaseProvider\MSSQLCompactDatabaseProvider.csproj", "{190EAB64-5C68-4517-94F8-7D867A141A10}"
EndProject
Project("{FAE04EC0-301F-11D3-BF4B-00C04F79EFBC}") = "ADODatabaseProvider", "OBDCDatabaseProvider\ADODatabaseProvider.csproj", "{31E59003-AD13-4FFB-B81C-B1A26F4DA8F9}"
EndProject
Global
	GlobalSection(SolutionConfigurationPlatforms) = preSolution
		Debug|Any CPU = Debug|Any CPU
		Release|Any CPU = Release|Any CPU
	EndGlobalSection
	GlobalSection(ProjectConfigurationPlatforms) = postSolution
		{ACB92917-3D42-4F40-97F9-EA904A41DE36}.Debug|Any CPU.ActiveCfg = Debug|Any CPU
		{ACB92917-3D42-4F40-97F9-EA904A41DE36}.Debug|Any CPU.Build.0 = Debug|Any CPU
		{ACB92917-3D42-4F40-97F9-EA904A41DE36}.Release|Any CPU.ActiveCfg = Release|Any CPU
		{ACB92917-3D42-4F40-97F9-EA904A41DE36}.Release|Any CPU.Build.0 = Release|Any CPU
		{6DDF274A-91A3-4EAF-B0E3-30FD559ABD51}.Debug|Any CPU.ActiveCfg = Debug|Any CPU
		{6DDF274A-91A3-4EAF-B0E3-30FD559ABD51}.Debug|Any CPU.Build.0 = Debug|Any CPU
		{6DDF274A-91A3-4EAF-B0E3-30FD559ABD51}.Release|Any CPU.ActiveCfg = Release|Any CPU
		{6DDF274A-91A3-4EAF-B0E3-30FD559ABD51}.Release|Any CPU.Build.0 = Release|Any CPU
		{564E8F20-3834-4F3D-B5F3-2981C1FC8300}.Debug|Any CPU.ActiveCfg = Debug|Any CPU
		{564E8F20-3834-4F3D-B5F3-2981C1FC8300}.Debug|Any CPU.Build.0 = Debug|Any CPU
		{564E8F20-3834-4F3D-B5F3-2981C1FC8300}.Release|Any CPU.ActiveCfg = Release|Any CPU
		{564E8F20-3834-4F3D-B5F3-2981C1FC8300}.Release|Any CPU.Build.0 = Release|Any CPU
		{136FE76A-A70A-4E52-BCE5-03B587BCB31B}.Debug|Any CPU.ActiveCfg = Debug|Any CPU
		{136FE76A-A70A-4E52-BCE5-03B587BCB31B}.Debug|Any CPU.Build.0 = Debug|Any CPU
		{136FE76A-A70A-4E52-BCE5-03B587BCB31B}.Release|Any CPU.ActiveCfg = Release|Any CPU
		{136FE76A-A70A-4E52-BCE5-03B587BCB31B}.Release|Any CPU.Build.0 = Release|Any CPU
		{D526C207-AD6F-4811-906B-E8FC9858661D}.Debug|Any CPU.ActiveCfg = Debug|Any CPU
		{D526C207-AD6F-4811-906B-E8FC9858661D}.Debug|Any CPU.Build.0 = Debug|Any CPU
		{D526C207-AD6F-4811-906B-E8FC9858661D}.Release|Any CPU.ActiveCfg = Release|Any CPU
		{D526C207-AD6F-4811-906B-E8FC9858661D}.Release|Any CPU.Build.0 = Release|Any CPU
		{9DBDD582-A8C8-4FE9-9BDC-E12CA28BFE71}.Debug|Any CPU.ActiveCfg = Debug|Any CPU
		{9DBDD582-A8C8-4FE9-9BDC-E12CA28BFE71}.Debug|Any CPU.Build.0 = Debug|Any CPU
		{9DBDD582-A8C8-4FE9-9BDC-E12CA28BFE71}.Release|Any CPU.ActiveCfg = Release|Any CPU
		{9DBDD582-A8C8-4FE9-9BDC-E12CA28BFE71}.Release|Any CPU.Build.0 = Release|Any CPU
		{A4A0FB22-124C-45CA-A653-2887DE0CC3E0}.Debug|Any CPU.ActiveCfg = Debug|Any CPU
		{A4A0FB22-124C-45CA-A653-2887DE0CC3E0}.Debug|Any CPU.Build.0 = Debug|Any CPU
		{A4A0FB22-124C-45CA-A653-2887DE0CC3E0}.Release|Any CPU.ActiveCfg = Release|Any CPU
		{A4A0FB22-124C-45CA-A653-2887DE0CC3E0}.Release|Any CPU.Build.0 = Release|Any CPU
		{190EAB64-5C68-4517-94F8-7D867A141A10}.Debug|Any CPU.ActiveCfg = Debug|Any CPU
		{190EAB64-5C68-4517-94F8-7D867A141A10}.Debug|Any CPU.Build.0 = Debug|Any CPU
		{190EAB64-5C68-4517-94F8-7D867A141A10}.Release|Any CPU.ActiveCfg = Release|Any CPU
		{190EAB64-5C68-4517-94F8-7D867A141A10}.Release|Any CPU.Build.0 = Release|Any CPU
		{31E59003-AD13-4FFB-B81C-B1A26F4DA8F9}.Debug|Any CPU.ActiveCfg = Debug|Any CPU
		{31E59003-AD13-4FFB-B81C-B1A26F4DA8F9}.Debug|Any CPU.Build.0 = Debug|Any CPU
		{31E59003-AD13-4FFB-B81C-B1A26F4DA8F9}.Release|Any CPU.ActiveCfg = Release|Any CPU
		{31E59003-AD13-4FFB-B81C-B1A26F4DA8F9}.Release|Any CPU.Build.0 = Release|Any CPU
	EndGlobalSection
	GlobalSection(SolutionProperties) = preSolution
		HideSolutionNode = FALSE
	EndGlobalSection
	GlobalSection(NestedProjects) = preSolution
		{190EAB64-5C68-4517-94F8-7D867A141A10} = {29DB415E-1312-42ED-874F-5E7262F1DEBA}
		{31E59003-AD13-4FFB-B81C-B1A26F4DA8F9} = {29DB415E-1312-42ED-874F-5E7262F1DEBA}
	EndGlobalSection
	GlobalSection(DPCodeReviewSolutionGUID) = preSolution
		DPCodeReviewSolutionGUID = {E0A35BF6-933B-4234-9567-082DC9DFF937}
	EndGlobalSection
EndGlobal
