
Microsoft Visual Studio Solution File, Format Version 12.00
# Visual Studio Version 16
VisualStudioVersion = 16.6.30114.105
MinimumVisualStudioVersion = 10.0.40219.1
Project("{9A19103F-16F7-4668-BE54-9A1E7A4F7556}") = "DOLBase", "DOLBase\DOLBase.csproj", "{A742D93A-4FF8-4844-AADC-0AE74114F7F2}"
EndProject
Project("{9A19103F-16F7-4668-BE54-9A1E7A4F7556}") = "DOLDatabase", "DOLDatabase\DOLDatabase.csproj", "{09D7168F-BFA7-444A-B9B9-D92BA6FEEAF8}"
EndProject
Project("{9A19103F-16F7-4668-BE54-9A1E7A4F7556}") = "DOLServer", "DOLServer\DOLServer.csproj", "{DDF7913E-C164-4B51-95E1-853FA2063B63}"
EndProject
Project("{9A19103F-16F7-4668-BE54-9A1E7A4F7556}") = "GameServer", "GameServer\GameServer.csproj", "{63C6C4CA-D17B-4796-A000-90A5BF6FD07D}"
EndProject
Project("{9A19103F-16F7-4668-BE54-9A1E7A4F7556}") = "GameServerScripts", "GameServerScripts\GameServerScripts.csproj", "{570157FA-0182-446E-880D-FD2A8E761E96}"
EndProject
Project("{9A19103F-16F7-4668-BE54-9A1E7A4F7556}") = "Tests", "Tests\Tests.csproj", "{FC0B2007-16A2-4854-AB24-0266F3482C7D}"
EndProject
Global
	GlobalSection(SolutionConfigurationPlatforms) = preSolution
		Debug|Any CPU = Debug|Any CPU
		Release|Any CPU = Release|Any CPU
	EndGlobalSection
	GlobalSection(ProjectConfigurationPlatforms) = postSolution
		{A742D93A-4FF8-4844-AADC-0AE74114F7F2}.Debug|Any CPU.ActiveCfg = Debug|Any CPU
		{A742D93A-4FF8-4844-AADC-0AE74114F7F2}.Debug|Any CPU.Build.0 = Debug|Any CPU
		{A742D93A-4FF8-4844-AADC-0AE74114F7F2}.Release|Any CPU.ActiveCfg = Release|Any CPU
		{A742D93A-4FF8-4844-AADC-0AE74114F7F2}.Release|Any CPU.Build.0 = Release|Any CPU
		{09D7168F-BFA7-444A-B9B9-D92BA6FEEAF8}.Debug|Any CPU.ActiveCfg = Debug|Any CPU
		{09D7168F-BFA7-444A-B9B9-D92BA6FEEAF8}.Debug|Any CPU.Build.0 = Debug|Any CPU
		{09D7168F-BFA7-444A-B9B9-D92BA6FEEAF8}.Release|Any CPU.ActiveCfg = Release|Any CPU
		{09D7168F-BFA7-444A-B9B9-D92BA6FEEAF8}.Release|Any CPU.Build.0 = Release|Any CPU
		{DDF7913E-C164-4B51-95E1-853FA2063B63}.Debug|Any CPU.ActiveCfg = Debug|Any CPU
		{DDF7913E-C164-4B51-95E1-853FA2063B63}.Debug|Any CPU.Build.0 = Debug|Any CPU
		{DDF7913E-C164-4B51-95E1-853FA2063B63}.Release|Any CPU.ActiveCfg = Release|Any CPU
		{DDF7913E-C164-4B51-95E1-853FA2063B63}.Release|Any CPU.Build.0 = Release|Any CPU
		{63C6C4CA-D17B-4796-A000-90A5BF6FD07D}.Debug|Any CPU.ActiveCfg = Debug|Any CPU
		{63C6C4CA-D17B-4796-A000-90A5BF6FD07D}.Debug|Any CPU.Build.0 = Debug|Any CPU
		{63C6C4CA-D17B-4796-A000-90A5BF6FD07D}.Release|Any CPU.ActiveCfg = Release|Any CPU
		{63C6C4CA-D17B-4796-A000-90A5BF6FD07D}.Release|Any CPU.Build.0 = Release|Any CPU
		{570157FA-0182-446E-880D-FD2A8E761E96}.Debug|Any CPU.ActiveCfg = Debug|Any CPU
		{570157FA-0182-446E-880D-FD2A8E761E96}.Debug|Any CPU.Build.0 = Debug|Any CPU
		{570157FA-0182-446E-880D-FD2A8E761E96}.Release|Any CPU.ActiveCfg = Release|Any CPU
		{570157FA-0182-446E-880D-FD2A8E761E96}.Release|Any CPU.Build.0 = Release|Any CPU
		{FC0B2007-16A2-4854-AB24-0266F3482C7D}.Debug|Any CPU.ActiveCfg = Debug|Any CPU
		{FC0B2007-16A2-4854-AB24-0266F3482C7D}.Debug|Any CPU.Build.0 = Debug|Any CPU
		{FC0B2007-16A2-4854-AB24-0266F3482C7D}.Release|Any CPU.ActiveCfg = Release|Any CPU
		{FC0B2007-16A2-4854-AB24-0266F3482C7D}.Release|Any CPU.Build.0 = Release|Any CPU
	EndGlobalSection
	GlobalSection(SolutionProperties) = preSolution
		HideSolutionNode = FALSE
	EndGlobalSection
	GlobalSection(ExtensibilityGlobals) = postSolution
		SolutionGuid = {C9DE6936-577C-4ACD-8B1B-B62C8FE4A5C3}
	EndGlobalSection
EndGlobal
